{
  "lockfile_version": "1",
  "packages": {
    "github:NixOS/nixpkgs/nixpkgs-unstable": {
      "last_modified": "2025-07-19T04:40:28Z",
      "resolved": "github:NixOS/nixpkgs/6b4955211758ba47fac850c040a27f23b9b4008f?lastModified=1752900028&narHash=sha256-dPALCtmik9Wr14MGqVXm%2BOQcv7vhPBXcWNIOThGnB%2FQ%3D"
    },
    "github:gren-lang/nix/0.6.0": {
      "last_modified": "2025-07-20T08:41:19Z",
      "resolved": "github:gren-lang/nix/ca77de0a436fddc6299dd5287b5aa3e3ea642b0f?lastModified=1753000879&narHash=sha256-COLL9CqAuVC%2FZxArQdm3G0NfNQDEGtWbiq7p5%2BgaGPY%3D"
    },
    "nodePackages.prettier@latest": {
      "last_modified": "2025-05-21T18:43:04Z",
      "resolved": "github:NixOS/nixpkgs/8c441601c43232976179eac52dde704c8bdf81ed#nodePackages.prettier",
      "source": "devbox-search",
      "version": "3.5.3",
      "systems": {
        "aarch64-darwin": {
          "outputs": [
            {
              "name": "out",
              "path": "/nix/store/yspchsd3ww1ddz2r5783kw8y9j0vr3r8-prettier-3.5.3",
              "default": true
            }
          ],
          "store_path": "/nix/store/yspchsd3ww1ddz2r5783kw8y9j0vr3r8-prettier-3.5.3"
        },
        "aarch64-linux": {
          "outputs": [
            {
              "name": "out",
              "path": "/nix/store/ya3imag4wkxj3g5fws96rzyzv36m74w8-prettier-3.5.3",
              "default": true
            }
          ],
          "store_path": "/nix/store/ya3imag4wkxj3g5fws96rzyzv36m74w8-prettier-3.5.3"
        },
        "x86_64-darwin": {
          "outputs": [
            {
              "name": "out",
              "path": "/nix/store/f9q2y20qa56hjzxnia0q664m0rkwwqvm-prettier-3.5.3",
              "default": true
            }
          ],
          "store_path": "/nix/store/f9q2y20qa56hjzxnia0q664m0rkwwqvm-prettier-3.5.3"
        },
        "x86_64-linux": {
          "outputs": [
            {
              "name": "out",
              "path": "/nix/store/wry9vlk19pk7izrknb980icc8gihzllx-prettier-3.5.3",
              "default": true
            }
          ],
          "store_path": "/nix/store/wry9vlk19pk7izrknb980icc8gihzllx-prettier-3.5.3"
        }
      }
    },
    "nodejs@20": {
      "last_modified": "2025-07-13T22:45:35Z",
      "plugin_version": "0.0.2",
      "resolved": "github:NixOS/nixpkgs/a421ac6595024edcfbb1ef950a3712b89161c359#nodejs_20",
      "source": "devbox-search",
      "version": "20.19.3",
      "systems": {
        "aarch64-darwin": {
          "outputs": [
            {
              "name": "out",
              "path": "/nix/store/ziq8kikxqx0x7azvayw0c87b2fid2gxm-nodejs-20.19.3",
              "default": true
            },
            {
              "name": "dev",
              "path": "/nix/store/y2v3ra5j4qihwsbgm44y5aghzmyp0ihd-nodejs-20.19.3-dev"
            },
            {
              "name": "libv8",
              "path": "/nix/store/bkg0qwhgb0fm7s1vak2kxyw0liixsmyz-nodejs-20.19.3-libv8"
            }
          ],
          "store_path": "/nix/store/ziq8kikxqx0x7azvayw0c87b2fid2gxm-nodejs-20.19.3"
        },
        "aarch64-linux": {
          "outputs": [
            {
              "name": "out",
              "path": "/nix/store/q5dzva92svyaggw8q317vrycf3819klb-nodejs-20.19.3",
              "default": true
            },
            {
              "name": "dev",
              "path": "/nix/store/0gcxlbck2fsgxck9mxdzaz7pbnp7s1v4-nodejs-20.19.3-dev"
            },
            {
              "name": "libv8",
              "path": "/nix/store/ph00lsnk4zjf374picqpcd2xbz7lw7kg-nodejs-20.19.3-libv8"
            }
          ],
          "store_path": "/nix/store/q5dzva92svyaggw8q317vrycf3819klb-nodejs-20.19.3"
        },
        "x86_64-darwin": {
          "outputs": [
            {
              "name": "out",
              "path": "/nix/store/mkddjk5rywghc65bsdy9ywsimb8kvs61-nodejs-20.19.3",
              "default": true
            },
            {
              "name": "libv8",
              "path": "/nix/store/m8qvlazx3pwgmgs07ybyymav96i90z59-nodejs-20.19.3-libv8"
            },
            {
              "name": "dev",
              "path": "/nix/store/a1bpjcgb0lf5wi05832dd828id5w6mqi-nodejs-20.19.3-dev"
            }
          ],
          "store_path": "/nix/store/mkddjk5rywghc65bsdy9ywsimb8kvs61-nodejs-20.19.3"
        },
        "x86_64-linux": {
          "outputs": [
            {
              "name": "out",
              "path": "/nix/store/lz7iav1hd92jbv44zf2rdd7b2mj23536-nodejs-20.19.3",
              "default": true
            },
            {
              "name": "libv8",
              "path": "/nix/store/40y5gxvkl5g51pz0cvp1hn5dm10bncdb-nodejs-20.19.3-libv8"
            },
            {
              "name": "dev",
              "path": "/nix/store/ljli5b39d0fb9i8299ydf1fr6g7bqszs-nodejs-20.19.3-dev"
            }
          ],
          "store_path": "/nix/store/lz7iav1hd92jbv44zf2rdd7b2mj23536-nodejs-20.19.3"
        }
      }
    }
  }
}
