{
  "lockfile_version": "1",
  "packages": {
    "nodejs@20": {
      "last_modified": "2024-12-23T21:10:33Z",
      "plugin_version": "0.0.2",
      "resolved": "github:NixOS/nixpkgs/de1864217bfa9b5845f465e771e0ecb48b30e02d#nodejs_20",
      "source": "devbox-search",
      "version": "20.18.1",
      "systems": {
        "aarch64-darwin": {
          "outputs": [
            {
              "name": "out",
              "path": "/nix/store/q49zbi0pzjhg4zn085h9hyz9m1k3hvpb-nodejs-20.18.1",
              "default": true
            },
            {
              "name": "libv8",
              "path": "/nix/store/l08rljd2yr7i1q4x778qazcys2l4ja23-nodejs-20.18.1-libv8"
            }
          ],
          "store_path": "/nix/store/q49zbi0pzjhg4zn085h9hyz9m1k3hvpb-nodejs-20.18.1"
        },
        "aarch64-linux": {
          "outputs": [
            {
              "name": "out",
              "path": "/nix/store/4m1ql1hsd6kqmzr8a657qhipjgssrr0c-nodejs-20.18.1",
              "default": true
            },
            {
              "name": "libv8",
              "path": "/nix/store/r8s1xalb4rpy1r44i413j84i4ny6mnsc-nodejs-20.18.1-libv8"
            }
          ],
          "store_path": "/nix/store/4m1ql1hsd6kqmzr8a657qhipjgssrr0c-nodejs-20.18.1"
        },
        "x86_64-darwin": {
          "outputs": [
            {
              "name": "out",
              "path": "/nix/store/7ky0mn6k33731jwzhsxq6a6dsbjqamqs-nodejs-20.18.1",
              "default": true
            },
            {
              "name": "libv8",
              "path": "/nix/store/jw62k3wxl38r8fcbvxaxrm696ivv3imr-nodejs-20.18.1-libv8"
            }
          ],
          "store_path": "/nix/store/7ky0mn6k33731jwzhsxq6a6dsbjqamqs-nodejs-20.18.1"
        },
        "x86_64-linux": {
          "outputs": [
            {
              "name": "out",
              "path": "/nix/store/j7dx1n6m5axf9r2bvly580x2ixx546wq-nodejs-20.18.1",
              "default": true
            },
            {
              "name": "libv8",
              "path": "/nix/store/qljmc2skrldj0g94rib6nl4jq84193fa-nodejs-20.18.1-libv8"
            }
          ],
          "store_path": "/nix/store/j7dx1n6m5axf9r2bvly580x2ixx546wq-nodejs-20.18.1"
        }
      }
    }
  }
}
