{
  "name": "core",
  "lockfileVersion": 2,
  "requires": true,
  "packages": {
    "": {
      "devDependencies": {
        "gren-lang": "^0.4.5",
        "prettier": "2.7.1"
      }
    },
    "node_modules/gren-lang": {
      "version": "0.4.5",
      "resolved": "https://registry.npmjs.org/gren-lang/-/gren-lang-0.4.5.tgz",
      "integrity": "sha512-++hR3fUqPNA59iMgqMDRKQW2NsoeXhx31kUjuJlUB9AUlBa3bvrfpFiiNprU4UHQF7fA/5eSctHQ9U+V5vAg4A==",
      "dev": true,
      "license": "BSD-3-Clause",
      "bin": {
        "gren": "index.js"
      }
    },
    "node_modules/prettier": {
      "version": "2.7.1",
      "resolved": "https://registry.npmjs.org/prettier/-/prettier-2.7.1.tgz",
      "integrity": "sha512-ujppO+MkdPqoVINuDFDRLClm7D78qbDt0/NR+wp5FqEZOoTNAjPHWj17QRhu7geIHJfcNhRk1XVQmF8Bp3ye+g==",
      "dev": true,
      "bin": {
        "prettier": "bin-prettier.js"
      },
      "engines": {
        "node": ">=10.13.0"
      },
      "funding": {
        "url": "https://github.com/prettier/prettier?sponsor=1"
      }
    }
  },
  "dependencies": {
    "gren-lang": {
      "version": "0.4.5",
      "resolved": "https://registry.npmjs.org/gren-lang/-/gren-lang-0.4.5.tgz",
      "integrity": "sha512-++hR3fUqPNA59iMgqMDRKQW2NsoeXhx31kUjuJlUB9AUlBa3bvrfpFiiNprU4UHQF7fA/5eSctHQ9U+V5vAg4A==",
      "dev": true
    },
    "prettier": {
      "version": "2.7.1",
      "resolved": "https://registry.npmjs.org/prettier/-/prettier-2.7.1.tgz",
      "integrity": "sha512-ujppO+MkdPqoVINuDFDRLClm7D78qbDt0/NR+wp5FqEZOoTNAjPHWj17QRhu7geIHJfcNhRk1XVQmF8Bp3ye+g==",
      "dev": true
    }
  }
}
